
Microsoft Visual Studio Solution File, Format Version 12.00
# Visual Studio Version 16
VisualStudioVersion = 16.0.30002.166
MinimumVisualStudioVersion = 10.0.40219.1
Project("{FAE04EC0-301F-11D3-BF4B-00C04F79EFBC}") = "practicum_1_opdracht_1", "practicum_1_opdracht_1\practicum_1_opdracht_1.csproj", "{92943E63-66DD-40E1-81C3-67CE6EB70577}"
EndProject
Project("{FAE04EC0-301F-11D3-BF4B-00C04F79EFBC}") = "practicum_1_opgaven_2", "practicum_1_opgaven_2\practicum_1_opgaven_2.csproj", "{04696DA2-D5CA-4170-9092-1E804C67962F}"
EndProject
Global
	GlobalSection(SolutionConfigurationPlatforms) = preSolution
		Debug|Any CPU = Debug|Any CPU
		Release|Any CPU = Release|Any CPU
	EndGlobalSection
	GlobalSection(ProjectConfigurationPlatforms) = postSolution
		{92943E63-66DD-40E1-81C3-67CE6EB70577}.Debug|Any CPU.ActiveCfg = Debug|Any CPU
		{92943E63-66DD-40E1-81C3-67CE6EB70577}.Debug|Any CPU.Build.0 = Debug|Any CPU
		{92943E63-66DD-40E1-81C3-67CE6EB70577}.Release|Any CPU.ActiveCfg = Release|Any CPU
		{92943E63-66DD-40E1-81C3-67CE6EB70577}.Release|Any CPU.Build.0 = Release|Any CPU
		{04696DA2-D5CA-4170-9092-1E804C67962F}.Debug|Any CPU.ActiveCfg = Debug|Any CPU
		{04696DA2-D5CA-4170-9092-1E804C67962F}.Debug|Any CPU.Build.0 = Debug|Any CPU
		{04696DA2-D5CA-4170-9092-1E804C67962F}.Release|Any CPU.ActiveCfg = Release|Any CPU
		{04696DA2-D5CA-4170-9092-1E804C67962F}.Release|Any CPU.Build.0 = Release|Any CPU
	EndGlobalSection
	GlobalSection(SolutionProperties) = preSolution
		HideSolutionNode = FALSE
	EndGlobalSection
	GlobalSection(ExtensibilityGlobals) = postSolution
		SolutionGuid = {939E2815-9638-4A26-ADBE-AE42973A3496}
	EndGlobalSection
EndGlobal
